
Microsoft Visual Studio Solution File, Format Version 12.00
# Visual Studio Version 16
VisualStudioVersion = 16.0.31911.196
MinimumVisualStudioVersion = 10.0.40219.1
Project("{FAE04EC0-301F-11D3-BF4B-00C04F79EFBC}") = "MyFirstApp", "MyFirstApp\MyFirstApp.csproj", "{3E36DB76-E16D-4D33-8A6E-D26BCB7C4256}"
EndProject
Global
	GlobalSection(SolutionConfigurationPlatforms) = preSolution
		Debug|Any CPU = Debug|Any CPU
		Release|Any CPU = Release|Any CPU
	EndGlobalSection
	GlobalSection(ProjectConfigurationPlatforms) = postSolution
		{3E36DB76-E16D-4D33-8A6E-D26BCB7C4256}.Debug|Any CPU.ActiveCfg = Debug|Any CPU
		{3E36DB76-E16D-4D33-8A6E-D26BCB7C4256}.Debug|Any CPU.Build.0 = Debug|Any CPU
		{3E36DB76-E16D-4D33-8A6E-D26BCB7C4256}.Release|Any CPU.ActiveCfg = Release|Any CPU
		{3E36DB76-E16D-4D33-8A6E-D26BCB7C4256}.Release|Any CPU.Build.0 = Release|Any CPU
	EndGlobalSection
	GlobalSection(SolutionProperties) = preSolution
		HideSolutionNode = FALSE
	EndGlobalSection
	GlobalSection(ExtensibilityGlobals) = postSolution
		SolutionGuid = {C6F20117-979B-4155-80F2-9002BDD455FD}
	EndGlobalSection
EndGlobal
